
Microsoft Visual Studio Solution File, Format Version 12.00
# Visual Studio 15
VisualStudioVersion = 15.0.33801.198
MinimumVisualStudioVersion = 10.0.40219.1
Project("{8BC9CEB8-8B4A-11D0-8D11-00A0C91BC942}") = "enc_KEP", "enc_KEP\enc_KEP.vcxproj", "{4C739054-33C8-4F22-B2B6-EF0C985F7798}"
EndProject
Project("{8BC9CEB8-8B4A-11D0-8D11-00A0C91BC942}") = "enc_COM", "enc_COM\enc_COM.vcxproj", "{74E61F46-862E-42A2-9A68-B973900FA6B5}"
EndProject
Project("{8BC9CEB8-8B4A-11D0-8D11-00A0C91BC942}") = "enc_VER", "enc_VER\enc_VER.vcxproj", "{F78A29EA-96B9-4CF8-8FC2-F8F9AE5BD4C6}"
EndProject
Project("{8BC9CEB8-8B4A-11D0-8D11-00A0C91BC942}") = "App_CSP", "App_CSP\App_CSP.vcxproj", "{709B7925-BB18-4507-86D2-BDAD0AE60725}"
	ProjectSection(ProjectDependencies) = postProject
		{74E61F46-862E-42A2-9A68-B973900FA6B5} = {74E61F46-862E-42A2-9A68-B973900FA6B5}
		{4C739054-33C8-4F22-B2B6-EF0C985F7798} = {4C739054-33C8-4F22-B2B6-EF0C985F7798}
		{F78A29EA-96B9-4CF8-8FC2-F8F9AE5BD4C6} = {F78A29EA-96B9-4CF8-8FC2-F8F9AE5BD4C6}
	EndProjectSection
EndProject
Global
	GlobalSection(SolutionConfigurationPlatforms) = preSolution
		CVE-2020-0551-CF-Prerelease|Win32 = CVE-2020-0551-CF-Prerelease|Win32
		CVE-2020-0551-CF-Prerelease|x64 = CVE-2020-0551-CF-Prerelease|x64
		CVE-2020-0551-CF-Prerelease|x86 = CVE-2020-0551-CF-Prerelease|x86
		CVE-2020-0551-CF-Release|Win32 = CVE-2020-0551-CF-Release|Win32
		CVE-2020-0551-CF-Release|x64 = CVE-2020-0551-CF-Release|x64
		CVE-2020-0551-CF-Release|x86 = CVE-2020-0551-CF-Release|x86
		CVE-2020-0551-Load-Prerelease|Win32 = CVE-2020-0551-Load-Prerelease|Win32
		CVE-2020-0551-Load-Prerelease|x64 = CVE-2020-0551-Load-Prerelease|x64
		CVE-2020-0551-Load-Prerelease|x86 = CVE-2020-0551-Load-Prerelease|x86
		CVE-2020-0551-Load-Release|Win32 = CVE-2020-0551-Load-Release|Win32
		CVE-2020-0551-Load-Release|x64 = CVE-2020-0551-Load-Release|x64
		CVE-2020-0551-Load-Release|x86 = CVE-2020-0551-Load-Release|x86
		Debug|Win32 = Debug|Win32
		Debug|x64 = Debug|x64
		Debug|x86 = Debug|x86
		Prerelease|Win32 = Prerelease|Win32
		Prerelease|x64 = Prerelease|x64
		Prerelease|x86 = Prerelease|x86
		Release|Win32 = Release|Win32
		Release|x64 = Release|x64
		Release|x86 = Release|x86
		Simulation|Win32 = Simulation|Win32
		Simulation|x64 = Simulation|x64
		Simulation|x86 = Simulation|x86
	EndGlobalSection
	GlobalSection(ProjectConfigurationPlatforms) = postSolution
		{4C739054-33C8-4F22-B2B6-EF0C985F7798}.CVE-2020-0551-CF-Prerelease|Win32.ActiveCfg = CVE-2020-0551-CF-Prerelease|x64
		{4C739054-33C8-4F22-B2B6-EF0C985F7798}.CVE-2020-0551-CF-Prerelease|x64.ActiveCfg = CVE-2020-0551-CF-Prerelease|x64
		{4C739054-33C8-4F22-B2B6-EF0C985F7798}.CVE-2020-0551-CF-Prerelease|x64.Build.0 = CVE-2020-0551-CF-Prerelease|x64
		{4C739054-33C8-4F22-B2B6-EF0C985F7798}.CVE-2020-0551-CF-Prerelease|x86.ActiveCfg = CVE-2020-0551-CF-Prerelease|x64
		{4C739054-33C8-4F22-B2B6-EF0C985F7798}.CVE-2020-0551-CF-Release|Win32.ActiveCfg = CVE-2020-0551-CF-Release|x64
		{4C739054-33C8-4F22-B2B6-EF0C985F7798}.CVE-2020-0551-CF-Release|x64.ActiveCfg = CVE-2020-0551-CF-Release|x64
		{4C739054-33C8-4F22-B2B6-EF0C985F7798}.CVE-2020-0551-CF-Release|x64.Build.0 = CVE-2020-0551-CF-Release|x64
		{4C739054-33C8-4F22-B2B6-EF0C985F7798}.CVE-2020-0551-CF-Release|x86.ActiveCfg = CVE-2020-0551-CF-Release|x64
		{4C739054-33C8-4F22-B2B6-EF0C985F7798}.CVE-2020-0551-Load-Prerelease|Win32.ActiveCfg = CVE-2020-0551-Load-Prerelease|x64
		{4C739054-33C8-4F22-B2B6-EF0C985F7798}.CVE-2020-0551-Load-Prerelease|x64.ActiveCfg = CVE-2020-0551-Load-Prerelease|x64
		{4C739054-33C8-4F22-B2B6-EF0C985F7798}.CVE-2020-0551-Load-Prerelease|x64.Build.0 = CVE-2020-0551-Load-Prerelease|x64
		{4C739054-33C8-4F22-B2B6-EF0C985F7798}.CVE-2020-0551-Load-Prerelease|x86.ActiveCfg = CVE-2020-0551-Load-Prerelease|x64
		{4C739054-33C8-4F22-B2B6-EF0C985F7798}.CVE-2020-0551-Load-Release|Win32.ActiveCfg = CVE-2020-0551-Load-Release|x64
		{4C739054-33C8-4F22-B2B6-EF0C985F7798}.CVE-2020-0551-Load-Release|x64.ActiveCfg = CVE-2020-0551-Load-Release|x64
		{4C739054-33C8-4F22-B2B6-EF0C985F7798}.CVE-2020-0551-Load-Release|x64.Build.0 = CVE-2020-0551-Load-Release|x64
		{4C739054-33C8-4F22-B2B6-EF0C985F7798}.CVE-2020-0551-Load-Release|x86.ActiveCfg = CVE-2020-0551-Load-Release|x64
		{4C739054-33C8-4F22-B2B6-EF0C985F7798}.Debug|Win32.ActiveCfg = Debug|Win32
		{4C739054-33C8-4F22-B2B6-EF0C985F7798}.Debug|Win32.Build.0 = Debug|Win32
		{4C739054-33C8-4F22-B2B6-EF0C985F7798}.Debug|x64.ActiveCfg = Debug|x64
		{4C739054-33C8-4F22-B2B6-EF0C985F7798}.Debug|x64.Build.0 = Debug|x64
		{4C739054-33C8-4F22-B2B6-EF0C985F7798}.Debug|x86.ActiveCfg = Debug|Win32
		{4C739054-33C8-4F22-B2B6-EF0C985F7798}.Debug|x86.Build.0 = Debug|Win32
		{4C739054-33C8-4F22-B2B6-EF0C985F7798}.Prerelease|Win32.ActiveCfg = Prerelease|Win32
		{4C739054-33C8-4F22-B2B6-EF0C985F7798}.Prerelease|Win32.Build.0 = Prerelease|Win32
		{4C739054-33C8-4F22-B2B6-EF0C985F7798}.Prerelease|x64.ActiveCfg = Prerelease|x64
		{4C739054-33C8-4F22-B2B6-EF0C985F7798}.Prerelease|x64.Build.0 = Prerelease|x64
		{4C739054-33C8-4F22-B2B6-EF0C985F7798}.Prerelease|x86.ActiveCfg = Prerelease|Win32
		{4C739054-33C8-4F22-B2B6-EF0C985F7798}.Prerelease|x86.Build.0 = Prerelease|Win32
		{4C739054-33C8-4F22-B2B6-EF0C985F7798}.Release|Win32.ActiveCfg = Release|Win32
		{4C739054-33C8-4F22-B2B6-EF0C985F7798}.Release|Win32.Build.0 = Release|Win32
		{4C739054-33C8-4F22-B2B6-EF0C985F7798}.Release|x64.ActiveCfg = Release|x64
		{4C739054-33C8-4F22-B2B6-EF0C985F7798}.Release|x64.Build.0 = Release|x64
		{4C739054-33C8-4F22-B2B6-EF0C985F7798}.Release|x86.ActiveCfg = Release|Win32
		{4C739054-33C8-4F22-B2B6-EF0C985F7798}.Release|x86.Build.0 = Release|Win32
		{4C739054-33C8-4F22-B2B6-EF0C985F7798}.Simulation|Win32.ActiveCfg = Simulation|Win32
		{4C739054-33C8-4F22-B2B6-EF0C985F7798}.Simulation|Win32.Build.0 = Simulation|Win32
		{4C739054-33C8-4F22-B2B6-EF0C985F7798}.Simulation|x64.ActiveCfg = Simulation|x64
		{4C739054-33C8-4F22-B2B6-EF0C985F7798}.Simulation|x64.Build.0 = Simulation|x64
		{4C739054-33C8-4F22-B2B6-EF0C985F7798}.Simulation|x86.ActiveCfg = Simulation|Win32
		{4C739054-33C8-4F22-B2B6-EF0C985F7798}.Simulation|x86.Build.0 = Simulation|Win32
		{74E61F46-862E-42A2-9A68-B973900FA6B5}.CVE-2020-0551-CF-Prerelease|Win32.ActiveCfg = CVE-2020-0551-CF-Prerelease|x64
		{74E61F46-862E-42A2-9A68-B973900FA6B5}.CVE-2020-0551-CF-Prerelease|x64.ActiveCfg = CVE-2020-0551-CF-Prerelease|x64
		{74E61F46-862E-42A2-9A68-B973900FA6B5}.CVE-2020-0551-CF-Prerelease|x64.Build.0 = CVE-2020-0551-CF-Prerelease|x64
		{74E61F46-862E-42A2-9A68-B973900FA6B5}.CVE-2020-0551-CF-Prerelease|x86.ActiveCfg = CVE-2020-0551-CF-Prerelease|x64
		{74E61F46-862E-42A2-9A68-B973900FA6B5}.CVE-2020-0551-CF-Release|Win32.ActiveCfg = CVE-2020-0551-CF-Release|x64
		{74E61F46-862E-42A2-9A68-B973900FA6B5}.CVE-2020-0551-CF-Release|x64.ActiveCfg = CVE-2020-0551-CF-Release|x64
		{74E61F46-862E-42A2-9A68-B973900FA6B5}.CVE-2020-0551-CF-Release|x64.Build.0 = CVE-2020-0551-CF-Release|x64
		{74E61F46-862E-42A2-9A68-B973900FA6B5}.CVE-2020-0551-CF-Release|x86.ActiveCfg = CVE-2020-0551-CF-Release|x64
		{74E61F46-862E-42A2-9A68-B973900FA6B5}.CVE-2020-0551-Load-Prerelease|Win32.ActiveCfg = CVE-2020-0551-Load-Prerelease|x64
		{74E61F46-862E-42A2-9A68-B973900FA6B5}.CVE-2020-0551-Load-Prerelease|x64.ActiveCfg = CVE-2020-0551-Load-Prerelease|x64
		{74E61F46-862E-42A2-9A68-B973900FA6B5}.CVE-2020-0551-Load-Prerelease|x64.Build.0 = CVE-2020-0551-Load-Prerelease|x64
		{74E61F46-862E-42A2-9A68-B973900FA6B5}.CVE-2020-0551-Load-Prerelease|x86.ActiveCfg = CVE-2020-0551-Load-Prerelease|x64
		{74E61F46-862E-42A2-9A68-B973900FA6B5}.CVE-2020-0551-Load-Release|Win32.ActiveCfg = CVE-2020-0551-Load-Release|x64
		{74E61F46-862E-42A2-9A68-B973900FA6B5}.CVE-2020-0551-Load-Release|x64.ActiveCfg = CVE-2020-0551-Load-Release|x64
		{74E61F46-862E-42A2-9A68-B973900FA6B5}.CVE-2020-0551-Load-Release|x64.Build.0 = CVE-2020-0551-Load-Release|x64
		{74E61F46-862E-42A2-9A68-B973900FA6B5}.CVE-2020-0551-Load-Release|x86.ActiveCfg = CVE-2020-0551-Load-Release|x64
		{74E61F46-862E-42A2-9A68-B973900FA6B5}.Debug|Win32.ActiveCfg = Debug|Win32
		{74E61F46-862E-42A2-9A68-B973900FA6B5}.Debug|Win32.Build.0 = Debug|Win32
		{74E61F46-862E-42A2-9A68-B973900FA6B5}.Debug|x64.ActiveCfg = Debug|x64
		{74E61F46-862E-42A2-9A68-B973900FA6B5}.Debug|x64.Build.0 = Debug|x64
		{74E61F46-862E-42A2-9A68-B973900FA6B5}.Debug|x86.ActiveCfg = Debug|Win32
		{74E61F46-862E-42A2-9A68-B973900FA6B5}.Debug|x86.Build.0 = Debug|Win32
		{74E61F46-862E-42A2-9A68-B973900FA6B5}.Prerelease|Win32.ActiveCfg = Prerelease|Win32
		{74E61F46-862E-42A2-9A68-B973900FA6B5}.Prerelease|Win32.Build.0 = Prerelease|Win32
		{74E61F46-862E-42A2-9A68-B973900FA6B5}.Prerelease|x64.ActiveCfg = Prerelease|x64
		{74E61F46-862E-42A2-9A68-B973900FA6B5}.Prerelease|x64.Build.0 = Prerelease|x64
		{74E61F46-862E-42A2-9A68-B973900FA6B5}.Prerelease|x86.ActiveCfg = Prerelease|Win32
		{74E61F46-862E-42A2-9A68-B973900FA6B5}.Prerelease|x86.Build.0 = Prerelease|Win32
		{74E61F46-862E-42A2-9A68-B973900FA6B5}.Release|Win32.ActiveCfg = Release|Win32
		{74E61F46-862E-42A2-9A68-B973900FA6B5}.Release|Win32.Build.0 = Release|Win32
		{74E61F46-862E-42A2-9A68-B973900FA6B5}.Release|x64.ActiveCfg = Release|x64
		{74E61F46-862E-42A2-9A68-B973900FA6B5}.Release|x64.Build.0 = Release|x64
		{74E61F46-862E-42A2-9A68-B973900FA6B5}.Release|x86.ActiveCfg = Release|Win32
		{74E61F46-862E-42A2-9A68-B973900FA6B5}.Release|x86.Build.0 = Release|Win32
		{74E61F46-862E-42A2-9A68-B973900FA6B5}.Simulation|Win32.ActiveCfg = Simulation|Win32
		{74E61F46-862E-42A2-9A68-B973900FA6B5}.Simulation|Win32.Build.0 = Simulation|Win32
		{74E61F46-862E-42A2-9A68-B973900FA6B5}.Simulation|x64.ActiveCfg = Simulation|x64
		{74E61F46-862E-42A2-9A68-B973900FA6B5}.Simulation|x64.Build.0 = Simulation|x64
		{74E61F46-862E-42A2-9A68-B973900FA6B5}.Simulation|x86.ActiveCfg = Simulation|Win32
		{74E61F46-862E-42A2-9A68-B973900FA6B5}.Simulation|x86.Build.0 = Simulation|Win32
		{F78A29EA-96B9-4CF8-8FC2-F8F9AE5BD4C6}.CVE-2020-0551-CF-Prerelease|Win32.ActiveCfg = CVE-2020-0551-CF-Prerelease|x64
		{F78A29EA-96B9-4CF8-8FC2-F8F9AE5BD4C6}.CVE-2020-0551-CF-Prerelease|x64.ActiveCfg = CVE-2020-0551-CF-Prerelease|x64
		{F78A29EA-96B9-4CF8-8FC2-F8F9AE5BD4C6}.CVE-2020-0551-CF-Prerelease|x64.Build.0 = CVE-2020-0551-CF-Prerelease|x64
		{F78A29EA-96B9-4CF8-8FC2-F8F9AE5BD4C6}.CVE-2020-0551-CF-Prerelease|x86.ActiveCfg = CVE-2020-0551-CF-Prerelease|x64
		{F78A29EA-96B9-4CF8-8FC2-F8F9AE5BD4C6}.CVE-2020-0551-CF-Release|Win32.ActiveCfg = CVE-2020-0551-CF-Release|x64
		{F78A29EA-96B9-4CF8-8FC2-F8F9AE5BD4C6}.CVE-2020-0551-CF-Release|x64.ActiveCfg = CVE-2020-0551-CF-Release|x64
		{F78A29EA-96B9-4CF8-8FC2-F8F9AE5BD4C6}.CVE-2020-0551-CF-Release|x64.Build.0 = CVE-2020-0551-CF-Release|x64
		{F78A29EA-96B9-4CF8-8FC2-F8F9AE5BD4C6}.CVE-2020-0551-CF-Release|x86.ActiveCfg = CVE-2020-0551-CF-Release|x64
		{F78A29EA-96B9-4CF8-8FC2-F8F9AE5BD4C6}.CVE-2020-0551-Load-Prerelease|Win32.ActiveCfg = CVE-2020-0551-Load-Prerelease|x64
		{F78A29EA-96B9-4CF8-8FC2-F8F9AE5BD4C6}.CVE-2020-0551-Load-Prerelease|x64.ActiveCfg = CVE-2020-0551-Load-Prerelease|x64
		{F78A29EA-96B9-4CF8-8FC2-F8F9AE5BD4C6}.CVE-2020-0551-Load-Prerelease|x64.Build.0 = CVE-2020-0551-Load-Prerelease|x64
		{F78A29EA-96B9-4CF8-8FC2-F8F9AE5BD4C6}.CVE-2020-0551-Load-Prerelease|x86.ActiveCfg = CVE-2020-0551-Load-Prerelease|x64
		{F78A29EA-96B9-4CF8-8FC2-F8F9AE5BD4C6}.CVE-2020-0551-Load-Release|Win32.ActiveCfg = CVE-2020-0551-Load-Release|x64
		{F78A29EA-96B9-4CF8-8FC2-F8F9AE5BD4C6}.CVE-2020-0551-Load-Release|x64.ActiveCfg = CVE-2020-0551-Load-Release|x64
		{F78A29EA-96B9-4CF8-8FC2-F8F9AE5BD4C6}.CVE-2020-0551-Load-Release|x64.Build.0 = CVE-2020-0551-Load-Release|x64
		{F78A29EA-96B9-4CF8-8FC2-F8F9AE5BD4C6}.CVE-2020-0551-Load-Release|x86.ActiveCfg = CVE-2020-0551-Load-Release|x64
		{F78A29EA-96B9-4CF8-8FC2-F8F9AE5BD4C6}.Debug|Win32.ActiveCfg = Debug|Win32
		{F78A29EA-96B9-4CF8-8FC2-F8F9AE5BD4C6}.Debug|Win32.Build.0 = Debug|Win32
		{F78A29EA-96B9-4CF8-8FC2-F8F9AE5BD4C6}.Debug|x64.ActiveCfg = Debug|x64
		{F78A29EA-96B9-4CF8-8FC2-F8F9AE5BD4C6}.Debug|x64.Build.0 = Debug|x64
		{F78A29EA-96B9-4CF8-8FC2-F8F9AE5BD4C6}.Debug|x86.ActiveCfg = Debug|Win32
		{F78A29EA-96B9-4CF8-8FC2-F8F9AE5BD4C6}.Debug|x86.Build.0 = Debug|Win32
		{F78A29EA-96B9-4CF8-8FC2-F8F9AE5BD4C6}.Prerelease|Win32.ActiveCfg = Prerelease|Win32
		{F78A29EA-96B9-4CF8-8FC2-F8F9AE5BD4C6}.Prerelease|Win32.Build.0 = Prerelease|Win32
		{F78A29EA-96B9-4CF8-8FC2-F8F9AE5BD4C6}.Prerelease|x64.ActiveCfg = Prerelease|x64
		{F78A29EA-96B9-4CF8-8FC2-F8F9AE5BD4C6}.Prerelease|x64.Build.0 = Prerelease|x64
		{F78A29EA-96B9-4CF8-8FC2-F8F9AE5BD4C6}.Prerelease|x86.ActiveCfg = Prerelease|Win32
		{F78A29EA-96B9-4CF8-8FC2-F8F9AE5BD4C6}.Prerelease|x86.Build.0 = Prerelease|Win32
		{F78A29EA-96B9-4CF8-8FC2-F8F9AE5BD4C6}.Release|Win32.ActiveCfg = Release|Win32
		{F78A29EA-96B9-4CF8-8FC2-F8F9AE5BD4C6}.Release|Win32.Build.0 = Release|Win32
		{F78A29EA-96B9-4CF8-8FC2-F8F9AE5BD4C6}.Release|x64.ActiveCfg = Release|x64
		{F78A29EA-96B9-4CF8-8FC2-F8F9AE5BD4C6}.Release|x64.Build.0 = Release|x64
		{F78A29EA-96B9-4CF8-8FC2-F8F9AE5BD4C6}.Release|x86.ActiveCfg = Release|Win32
		{F78A29EA-96B9-4CF8-8FC2-F8F9AE5BD4C6}.Release|x86.Build.0 = Release|Win32
		{F78A29EA-96B9-4CF8-8FC2-F8F9AE5BD4C6}.Simulation|Win32.ActiveCfg = Simulation|Win32
		{F78A29EA-96B9-4CF8-8FC2-F8F9AE5BD4C6}.Simulation|Win32.Build.0 = Simulation|Win32
		{F78A29EA-96B9-4CF8-8FC2-F8F9AE5BD4C6}.Simulation|x64.ActiveCfg = Simulation|x64
		{F78A29EA-96B9-4CF8-8FC2-F8F9AE5BD4C6}.Simulation|x64.Build.0 = Simulation|x64
		{F78A29EA-96B9-4CF8-8FC2-F8F9AE5BD4C6}.Simulation|x86.ActiveCfg = Simulation|Win32
		{F78A29EA-96B9-4CF8-8FC2-F8F9AE5BD4C6}.Simulation|x86.Build.0 = Simulation|Win32
		{709B7925-BB18-4507-86D2-BDAD0AE60725}.CVE-2020-0551-CF-Prerelease|Win32.ActiveCfg = Prerelease|Win32
		{709B7925-BB18-4507-86D2-BDAD0AE60725}.CVE-2020-0551-CF-Prerelease|Win32.Build.0 = Prerelease|Win32
		{709B7925-BB18-4507-86D2-BDAD0AE60725}.CVE-2020-0551-CF-Prerelease|x64.ActiveCfg = Release|x64
		{709B7925-BB18-4507-86D2-BDAD0AE60725}.CVE-2020-0551-CF-Prerelease|x64.Build.0 = Release|x64
		{709B7925-BB18-4507-86D2-BDAD0AE60725}.CVE-2020-0551-CF-Prerelease|x86.ActiveCfg = Release|Win32
		{709B7925-BB18-4507-86D2-BDAD0AE60725}.CVE-2020-0551-CF-Prerelease|x86.Build.0 = Release|Win32
		{709B7925-BB18-4507-86D2-BDAD0AE60725}.CVE-2020-0551-CF-Release|Win32.ActiveCfg = Release|Win32
		{709B7925-BB18-4507-86D2-BDAD0AE60725}.CVE-2020-0551-CF-Release|Win32.Build.0 = Release|Win32
		{709B7925-BB18-4507-86D2-BDAD0AE60725}.CVE-2020-0551-CF-Release|x64.ActiveCfg = Release|x64
		{709B7925-BB18-4507-86D2-BDAD0AE60725}.CVE-2020-0551-CF-Release|x64.Build.0 = Release|x64
		{709B7925-BB18-4507-86D2-BDAD0AE60725}.CVE-2020-0551-CF-Release|x86.ActiveCfg = Release|Win32
		{709B7925-BB18-4507-86D2-BDAD0AE60725}.CVE-2020-0551-CF-Release|x86.Build.0 = Release|Win32
		{709B7925-BB18-4507-86D2-BDAD0AE60725}.CVE-2020-0551-Load-Prerelease|Win32.ActiveCfg = Prerelease|Win32
		{709B7925-BB18-4507-86D2-BDAD0AE60725}.CVE-2020-0551-Load-Prerelease|Win32.Build.0 = Prerelease|Win32
		{709B7925-BB18-4507-86D2-BDAD0AE60725}.CVE-2020-0551-Load-Prerelease|x64.ActiveCfg = Release|x64
		{709B7925-BB18-4507-86D2-BDAD0AE60725}.CVE-2020-0551-Load-Prerelease|x64.Build.0 = Release|x64
		{709B7925-BB18-4507-86D2-BDAD0AE60725}.CVE-2020-0551-Load-Prerelease|x86.ActiveCfg = Release|Win32
		{709B7925-BB18-4507-86D2-BDAD0AE60725}.CVE-2020-0551-Load-Prerelease|x86.Build.0 = Release|Win32
		{709B7925-BB18-4507-86D2-BDAD0AE60725}.CVE-2020-0551-Load-Release|Win32.ActiveCfg = Release|Win32
		{709B7925-BB18-4507-86D2-BDAD0AE60725}.CVE-2020-0551-Load-Release|Win32.Build.0 = Release|Win32
		{709B7925-BB18-4507-86D2-BDAD0AE60725}.CVE-2020-0551-Load-Release|x64.ActiveCfg = Release|x64
		{709B7925-BB18-4507-86D2-BDAD0AE60725}.CVE-2020-0551-Load-Release|x64.Build.0 = Release|x64
		{709B7925-BB18-4507-86D2-BDAD0AE60725}.CVE-2020-0551-Load-Release|x86.ActiveCfg = Release|Win32
		{709B7925-BB18-4507-86D2-BDAD0AE60725}.CVE-2020-0551-Load-Release|x86.Build.0 = Release|Win32
		{709B7925-BB18-4507-86D2-BDAD0AE60725}.Debug|Win32.ActiveCfg = Debug|Win32
		{709B7925-BB18-4507-86D2-BDAD0AE60725}.Debug|Win32.Build.0 = Debug|Win32
		{709B7925-BB18-4507-86D2-BDAD0AE60725}.Debug|x64.ActiveCfg = Debug|x64
		{709B7925-BB18-4507-86D2-BDAD0AE60725}.Debug|x64.Build.0 = Debug|x64
		{709B7925-BB18-4507-86D2-BDAD0AE60725}.Debug|x86.ActiveCfg = Debug|Win32
		{709B7925-BB18-4507-86D2-BDAD0AE60725}.Debug|x86.Build.0 = Debug|Win32
		{709B7925-BB18-4507-86D2-BDAD0AE60725}.Prerelease|Win32.ActiveCfg = Prerelease|Win32
		{709B7925-BB18-4507-86D2-BDAD0AE60725}.Prerelease|Win32.Build.0 = Prerelease|Win32
		{709B7925-BB18-4507-86D2-BDAD0AE60725}.Prerelease|x64.ActiveCfg = Prerelease|x64
		{709B7925-BB18-4507-86D2-BDAD0AE60725}.Prerelease|x64.Build.0 = Prerelease|x64
		{709B7925-BB18-4507-86D2-BDAD0AE60725}.Prerelease|x86.ActiveCfg = Prerelease|Win32
		{709B7925-BB18-4507-86D2-BDAD0AE60725}.Prerelease|x86.Build.0 = Prerelease|Win32
		{709B7925-BB18-4507-86D2-BDAD0AE60725}.Release|Win32.ActiveCfg = Release|Win32
		{709B7925-BB18-4507-86D2-BDAD0AE60725}.Release|Win32.Build.0 = Release|Win32
		{709B7925-BB18-4507-86D2-BDAD0AE60725}.Release|x64.ActiveCfg = Release|x64
		{709B7925-BB18-4507-86D2-BDAD0AE60725}.Release|x64.Build.0 = Release|x64
		{709B7925-BB18-4507-86D2-BDAD0AE60725}.Release|x86.ActiveCfg = Release|Win32
		{709B7925-BB18-4507-86D2-BDAD0AE60725}.Release|x86.Build.0 = Release|Win32
		{709B7925-BB18-4507-86D2-BDAD0AE60725}.Simulation|Win32.ActiveCfg = Simulation|Win32
		{709B7925-BB18-4507-86D2-BDAD0AE60725}.Simulation|Win32.Build.0 = Simulation|Win32
		{709B7925-BB18-4507-86D2-BDAD0AE60725}.Simulation|x64.ActiveCfg = Simulation|x64
		{709B7925-BB18-4507-86D2-BDAD0AE60725}.Simulation|x64.Build.0 = Simulation|x64
		{709B7925-BB18-4507-86D2-BDAD0AE60725}.Simulation|x86.ActiveCfg = Simulation|Win32
		{709B7925-BB18-4507-86D2-BDAD0AE60725}.Simulation|x86.Build.0 = Simulation|Win32
	EndGlobalSection
	GlobalSection(SolutionProperties) = preSolution
		HideSolutionNode = FALSE
	EndGlobalSection
	GlobalSection(ExtensibilityGlobals) = postSolution
		SolutionGuid = {9ACB3A4F-C4B5-425C-A08B-C703A359A985}
	EndGlobalSection
EndGlobal
